
Microsoft Visual Studio Solution File, Format Version 12.00
# Visual Studio Version 16
VisualStudioVersion = 16.0.31112.23
MinimumVisualStudioVersion = 10.0.40219.1
Project("{9A19103F-16F7-4668-BE54-9A1E7A4F7556}") = "DhomeApp.Data", "DhomeApp.Data\DhomeApp.Data.csproj", "{80BA9194-8B0B-4285-B9CD-122005A9D62B}"
	ProjectSection(ProjectDependencies) = postProject
		{A4546F0F-0918-434D-BDC4-A2B98BB89C68} = {A4546F0F-0918-434D-BDC4-A2B98BB89C68}
	EndProjectSection
EndProject
Project("{9A19103F-16F7-4668-BE54-9A1E7A4F7556}") = "DhomeApp.Entity", "DhomeApp.Entity\DhomeApp.Entity.csproj", "{A4546F0F-0918-434D-BDC4-A2B98BB89C68}"
EndProject
Project("{9A19103F-16F7-4668-BE54-9A1E7A4F7556}") = "DhomeApp.Web", "DhomeApp.Web\DhomeApp.Web.csproj", "{EB3C7E1D-82F7-4EB4-8641-C8AA4F93C819}"
EndProject
Project("{FAE04EC0-301F-11D3-BF4B-00C04F79EFBC}") = "CustomerTesting", "CustomerTesting\CustomerTesting.csproj", "{05DEA056-1D7C-4323-990F-3174C7FE0E2C}"
EndProject
Project("{FAE04EC0-301F-11D3-BF4B-00C04F79EFBC}") = "EmployeeTesting", "EmployeeTesting\EmployeeTesting.csproj", "{B5E94DEF-6B91-4133-B213-3D353F091D2C}"
EndProject
Global
	GlobalSection(SolutionConfigurationPlatforms) = preSolution
		Debug|Any CPU = Debug|Any CPU
		Release|Any CPU = Release|Any CPU
	EndGlobalSection
	GlobalSection(ProjectConfigurationPlatforms) = postSolution
		{80BA9194-8B0B-4285-B9CD-122005A9D62B}.Debug|Any CPU.ActiveCfg = Debug|Any CPU
		{80BA9194-8B0B-4285-B9CD-122005A9D62B}.Debug|Any CPU.Build.0 = Debug|Any CPU
		{80BA9194-8B0B-4285-B9CD-122005A9D62B}.Release|Any CPU.ActiveCfg = Release|Any CPU
		{80BA9194-8B0B-4285-B9CD-122005A9D62B}.Release|Any CPU.Build.0 = Release|Any CPU
		{A4546F0F-0918-434D-BDC4-A2B98BB89C68}.Debug|Any CPU.ActiveCfg = Debug|Any CPU
		{A4546F0F-0918-434D-BDC4-A2B98BB89C68}.Debug|Any CPU.Build.0 = Debug|Any CPU
		{A4546F0F-0918-434D-BDC4-A2B98BB89C68}.Release|Any CPU.ActiveCfg = Release|Any CPU
		{A4546F0F-0918-434D-BDC4-A2B98BB89C68}.Release|Any CPU.Build.0 = Release|Any CPU
		{EB3C7E1D-82F7-4EB4-8641-C8AA4F93C819}.Debug|Any CPU.ActiveCfg = Debug|Any CPU
		{EB3C7E1D-82F7-4EB4-8641-C8AA4F93C819}.Debug|Any CPU.Build.0 = Debug|Any CPU
		{EB3C7E1D-82F7-4EB4-8641-C8AA4F93C819}.Release|Any CPU.ActiveCfg = Release|Any CPU
		{EB3C7E1D-82F7-4EB4-8641-C8AA4F93C819}.Release|Any CPU.Build.0 = Release|Any CPU
		{05DEA056-1D7C-4323-990F-3174C7FE0E2C}.Debug|Any CPU.ActiveCfg = Debug|Any CPU
		{05DEA056-1D7C-4323-990F-3174C7FE0E2C}.Debug|Any CPU.Build.0 = Debug|Any CPU
		{05DEA056-1D7C-4323-990F-3174C7FE0E2C}.Release|Any CPU.ActiveCfg = Release|Any CPU
		{05DEA056-1D7C-4323-990F-3174C7FE0E2C}.Release|Any CPU.Build.0 = Release|Any CPU
		{B5E94DEF-6B91-4133-B213-3D353F091D2C}.Debug|Any CPU.ActiveCfg = Debug|Any CPU
		{B5E94DEF-6B91-4133-B213-3D353F091D2C}.Debug|Any CPU.Build.0 = Debug|Any CPU
		{B5E94DEF-6B91-4133-B213-3D353F091D2C}.Release|Any CPU.ActiveCfg = Release|Any CPU
		{B5E94DEF-6B91-4133-B213-3D353F091D2C}.Release|Any CPU.Build.0 = Release|Any CPU
	EndGlobalSection
	GlobalSection(SolutionProperties) = preSolution
		HideSolutionNode = FALSE
	EndGlobalSection
	GlobalSection(ExtensibilityGlobals) = postSolution
		SolutionGuid = {CE31C3B0-66F8-42B8-9ABA-72E256CB8068}
	EndGlobalSection
EndGlobal
